
Microsoft Visual Studio Solution File, Format Version 12.00
# Visual Studio Version 17
VisualStudioVersion = 17.5.33530.505
MinimumVisualStudioVersion = 10.0.40219.1
Project("{FAE04EC0-301F-11D3-BF4B-00C04F79EFBC}") = "GyFapi", "GyFapi\GyFapi.csproj", "{1883960F-5983-4D63-9FDE-10C116407748}"
EndProject
Project("{FAE04EC0-301F-11D3-BF4B-00C04F79EFBC}") = "Persistence", "Persistence\Persistence.csproj", "{C27AD5E8-35B5-4B68-9524-42F10C712674}"
EndProject
Project("{FAE04EC0-301F-11D3-BF4B-00C04F79EFBC}") = "Services", "Servicios\Services.csproj", "{B3099E4A-CE2E-4376-8D64-45ECB8CF22A4}"
EndProject
Project("{FAE04EC0-301F-11D3-BF4B-00C04F79EFBC}") = "Entities", "Entities\Entities.csproj", "{0DD4B112-331B-4A20-A4C3-D36BDAA2A433}"
EndProject
Project("{FAE04EC0-301F-11D3-BF4B-00C04F79EFBC}") = "Commons", "Commons\Commons.csproj", "{3B075D72-98FD-4343-81C0-70971FFAD84C}"
EndProject
Global
	GlobalSection(SolutionConfigurationPlatforms) = preSolution
		Debug|Any CPU = Debug|Any CPU
		Release|Any CPU = Release|Any CPU
	EndGlobalSection
	GlobalSection(ProjectConfigurationPlatforms) = postSolution
		{1883960F-5983-4D63-9FDE-10C116407748}.Debug|Any CPU.ActiveCfg = Debug|Any CPU
		{1883960F-5983-4D63-9FDE-10C116407748}.Debug|Any CPU.Build.0 = Debug|Any CPU
		{1883960F-5983-4D63-9FDE-10C116407748}.Release|Any CPU.ActiveCfg = Release|Any CPU
		{1883960F-5983-4D63-9FDE-10C116407748}.Release|Any CPU.Build.0 = Release|Any CPU
		{C27AD5E8-35B5-4B68-9524-42F10C712674}.Debug|Any CPU.ActiveCfg = Debug|Any CPU
		{C27AD5E8-35B5-4B68-9524-42F10C712674}.Debug|Any CPU.Build.0 = Debug|Any CPU
		{C27AD5E8-35B5-4B68-9524-42F10C712674}.Release|Any CPU.ActiveCfg = Release|Any CPU
		{C27AD5E8-35B5-4B68-9524-42F10C712674}.Release|Any CPU.Build.0 = Release|Any CPU
		{B3099E4A-CE2E-4376-8D64-45ECB8CF22A4}.Debug|Any CPU.ActiveCfg = Debug|Any CPU
		{B3099E4A-CE2E-4376-8D64-45ECB8CF22A4}.Debug|Any CPU.Build.0 = Debug|Any CPU
		{B3099E4A-CE2E-4376-8D64-45ECB8CF22A4}.Release|Any CPU.ActiveCfg = Release|Any CPU
		{B3099E4A-CE2E-4376-8D64-45ECB8CF22A4}.Release|Any CPU.Build.0 = Release|Any CPU
		{0DD4B112-331B-4A20-A4C3-D36BDAA2A433}.Debug|Any CPU.ActiveCfg = Debug|Any CPU
		{0DD4B112-331B-4A20-A4C3-D36BDAA2A433}.Debug|Any CPU.Build.0 = Debug|Any CPU
		{0DD4B112-331B-4A20-A4C3-D36BDAA2A433}.Release|Any CPU.ActiveCfg = Release|Any CPU
		{0DD4B112-331B-4A20-A4C3-D36BDAA2A433}.Release|Any CPU.Build.0 = Release|Any CPU
		{3B075D72-98FD-4343-81C0-70971FFAD84C}.Debug|Any CPU.ActiveCfg = Debug|Any CPU
		{3B075D72-98FD-4343-81C0-70971FFAD84C}.Debug|Any CPU.Build.0 = Debug|Any CPU
		{3B075D72-98FD-4343-81C0-70971FFAD84C}.Release|Any CPU.ActiveCfg = Release|Any CPU
		{3B075D72-98FD-4343-81C0-70971FFAD84C}.Release|Any CPU.Build.0 = Release|Any CPU
	EndGlobalSection
	GlobalSection(SolutionProperties) = preSolution
		HideSolutionNode = FALSE
	EndGlobalSection
	GlobalSection(ExtensibilityGlobals) = postSolution
		SolutionGuid = {B2895634-DF10-4525-9959-410F7CC6BC33}
	EndGlobalSection
EndGlobal
